
Microsoft Visual Studio Solution File, Format Version 12.00
# Visual Studio 15
VisualStudioVersion = 15.0.28010.2019
MinimumVisualStudioVersion = 10.0.40219.1
Project("{FAE04EC0-301F-11D3-BF4B-00C04F79EFBC}") = "TicTacToe", "TicTacToe\TicTacToe.csproj", "{480448D9-C679-4BFF-B744-B809A769F538}"
EndProject
Global
	GlobalSection(SolutionConfigurationPlatforms) = preSolution
		Debug|Any CPU = Debug|Any CPU
		Release|Any CPU = Release|Any CPU
	EndGlobalSection
	GlobalSection(ProjectConfigurationPlatforms) = postSolution
		{480448D9-C679-4BFF-B744-B809A769F538}.Debug|Any CPU.ActiveCfg = Debug|Any CPU
		{480448D9-C679-4BFF-B744-B809A769F538}.Debug|Any CPU.Build.0 = Debug|Any CPU
		{480448D9-C679-4BFF-B744-B809A769F538}.Release|Any CPU.ActiveCfg = Release|Any CPU
		{480448D9-C679-4BFF-B744-B809A769F538}.Release|Any CPU.Build.0 = Release|Any CPU
	EndGlobalSection
	GlobalSection(SolutionProperties) = preSolution
		HideSolutionNode = FALSE
	EndGlobalSection
	GlobalSection(ExtensibilityGlobals) = postSolution
		SolutionGuid = {EE3F925B-0009-4692-B6AA-7FCC4B38863A}
	EndGlobalSection
EndGlobal
